
Microsoft Visual Studio Solution File, Format Version 12.00
# Visual Studio 2013
VisualStudioVersion = 12.0.30501.0
MinimumVisualStudioVersion = 10.0.40219.1
Project("{9092AA53-FB77-4645-B42D-1CCCA6BD08BD}") = "ServerStatusIndicator", "ServerStatusIndicator\ServerStatusIndicator.njsproj", "{88178367-6ACB-480B-90B2-EB6F3AEBAAB2}"
EndProject
Global
	GlobalSection(TeamFoundationVersionControl) = preSolution
		SccNumberOfProjects = 2
		SccEnterpriseProvider = {4CA58AB2-18FA-4F8D-95D4-32DDF27D184C}
		SccTeamFoundationServer = https://nicholasceliano.visualstudio.com/defaultcollection
		SccLocalPath0 = .
		SccProjectUniqueName1 = ServerStatusIndicator\\ServerStatusIndicator.njsproj
		SccProjectName1 = ServerStatusIndicator
		SccLocalPath1 = ServerStatusIndicator
	EndGlobalSection
	GlobalSection(SolutionConfigurationPlatforms) = preSolution
		Debug|Any CPU = Debug|Any CPU
		Release|Any CPU = Release|Any CPU
	EndGlobalSection
	GlobalSection(ProjectConfigurationPlatforms) = postSolution
		{88178367-6ACB-480B-90B2-EB6F3AEBAAB2}.Debug|Any CPU.ActiveCfg = Debug|Any CPU
		{88178367-6ACB-480B-90B2-EB6F3AEBAAB2}.Debug|Any CPU.Build.0 = Debug|Any CPU
		{88178367-6ACB-480B-90B2-EB6F3AEBAAB2}.Release|Any CPU.ActiveCfg = Release|Any CPU
		{88178367-6ACB-480B-90B2-EB6F3AEBAAB2}.Release|Any CPU.Build.0 = Release|Any CPU
	EndGlobalSection
	GlobalSection(SolutionProperties) = preSolution
		HideSolutionNode = FALSE
	EndGlobalSection
EndGlobal
